{
  "name": "ProjectGamr",
  "lockfileVersion": 3,
  "requires": true,
  "packages": {
    "": {
      "dependencies": {
        "expo-linear-gradient": "^14.0.1"
      }
    },
    "node_modules/expo-linear-gradient": {
      "version": "14.0.1",
      "resolved": "https://registry.npmjs.org/expo-linear-gradient/-/expo-linear-gradient-14.0.1.tgz",
      "integrity": "sha512-apGtUO9AZ52ZWvX9f6K9TamWw8XcUby7jZ0Pcvd5LxUO7pl7tDPx2VlKqpzbhhS4yfCiUwX58wqocwVnE/0ZVg==",
      "peerDependencies": {
        "expo": "*",
        "react": "*",
        "react-native": "*"
      }
    }
  }
}
